// !$*UTF8*$!
{
	archiveVersion = 1;
	classes = {
	};
	objectVersion = 56;
	objects = {

/* Begin PBXBuildFile section */
		6F85348D2BBC78A00071D5A4 /* AppKitView.swift in Sources */ = {isa = PBXBuildFile; fileRef = 6F85348C2BBC78A00071D5A4 /* AppKitView.swift */; };
		6F8534922BBC792A0071D5A4 /* NSMenuSwiftUICommandsWrapper in Frameworks */ = {isa = PBXBuildFile; productRef = 6F8534912BBC792A0071D5A4 /* NSMenuSwiftUICommandsWrapper */; };
		6F8534942BBC79A80071D5A4 /* ContentView.swift in Sources */ = {isa = PBXBuildFile; fileRef = 6F8534932BBC79A80071D5A4 /* ContentView.swift */; };
		6F8534982BBC7B5C0071D5A4 /* MenuExample.swift in Sources */ = {isa = PBXBuildFile; fileRef = 6F8534972BBC7B5C0071D5A4 /* MenuExample.swift */; };
		6FEB8FBB2BBC772600AC149B /* DemoApp.swift in Sources */ = {isa = PBXBuildFile; fileRef = 6FEB8FBA2BBC772600AC149B /* DemoApp.swift */; };
		6FEB8FBF2BBC772700AC149B /* Assets.xcassets in Resources */ = {isa = PBXBuildFile; fileRef = 6FEB8FBE2BBC772700AC149B /* Assets.xcassets */; };
		6FEB8FC22BBC772700AC149B /* Preview Assets.xcassets in Resources */ = {isa = PBXBuildFile; fileRef = 6FEB8FC12BBC772700AC149B /* Preview Assets.xcassets */; };
/* End PBXBuildFile section */

/* Begin PBXFileReference section */
		6F85348B2BBC78660071D5A4 /* NSMenuSwiftUICommandsWrapper */ = {isa = PBXFileReference; lastKnownFileType = wrapper; name = NSMenuSwiftUICommandsWrapper; path = ..; sourceTree = "<group>"; };
		6F85348C2BBC78A00071D5A4 /* AppKitView.swift */ = {isa = PBXFileReference; lastKnownFileType = sourcecode.swift; path = AppKitView.swift; sourceTree = "<group>"; };
		6F8534932BBC79A80071D5A4 /* ContentView.swift */ = {isa = PBXFileReference; lastKnownFileType = sourcecode.swift; path = ContentView.swift; sourceTree = "<group>"; };
		6F8534962BBC7ACD0071D5A4 /* README.md */ = {isa = PBXFileReference; lastKnownFileType = net.daringfireball.markdown; name = README.md; path = ../README.md; sourceTree = "<group>"; };
		6F8534972BBC7B5C0071D5A4 /* MenuExample.swift */ = {isa = PBXFileReference; lastKnownFileType = sourcecode.swift; path = MenuExample.swift; sourceTree = "<group>"; };
		6FEB8FB72BBC772600AC149B /* Demo.app */ = {isa = PBXFileReference; explicitFileType = wrapper.application; includeInIndex = 0; path = Demo.app; sourceTree = BUILT_PRODUCTS_DIR; };
		6FEB8FBA2BBC772600AC149B /* DemoApp.swift */ = {isa = PBXFileReference; lastKnownFileType = sourcecode.swift; path = DemoApp.swift; sourceTree = "<group>"; };
		6FEB8FBE2BBC772700AC149B /* Assets.xcassets */ = {isa = PBXFileReference; lastKnownFileType = folder.assetcatalog; path = Assets.xcassets; sourceTree = "<group>"; };
		6FEB8FC12BBC772700AC149B /* Preview Assets.xcassets */ = {isa = PBXFileReference; lastKnownFileType = folder.assetcatalog; path = "Preview Assets.xcassets"; sourceTree = "<group>"; };
		6FEB8FC32BBC772700AC149B /* Demo.entitlements */ = {isa = PBXFileReference; lastKnownFileType = text.plist.entitlements; path = Demo.entitlements; sourceTree = "<group>"; };
/* End PBXFileReference section */

/* Begin PBXFrameworksBuildPhase section */
		6FEB8FB42BBC772600AC149B /* Frameworks */ = {
			isa = PBXFrameworksBuildPhase;
			buildActionMask = 2147483647;
			files = (
				6F8534922BBC792A0071D5A4 /* NSMenuSwiftUICommandsWrapper in Frameworks */,
			);
			runOnlyForDeploymentPostprocessing = 0;
		};
/* End PBXFrameworksBuildPhase section */

/* Begin PBXGroup section */
		6F8534902BBC792A0071D5A4 /* Frameworks */ = {
			isa = PBXGroup;
			children = (
			);
			name = Frameworks;
			sourceTree = "<group>";
		};
		6F8534952BBC79D40071D5A4 /* Views */ = {
			isa = PBXGroup;
			children = (
				6F85348C2BBC78A00071D5A4 /* AppKitView.swift */,
				6F8534932BBC79A80071D5A4 /* ContentView.swift */,
			);
			path = Views;
			sourceTree = "<group>";
		};
		6FEB8FAE2BBC772600AC149B = {
			isa = PBXGroup;
			children = (
				6F8534962BBC7ACD0071D5A4 /* README.md */,
				6F85348B2BBC78660071D5A4 /* NSMenuSwiftUICommandsWrapper */,
				6FEB8FB92BBC772600AC149B /* Demo */,
				6FEB8FB82BBC772600AC149B /* Products */,
				6F8534902BBC792A0071D5A4 /* Frameworks */,
			);
			sourceTree = "<group>";
		};
		6FEB8FB82BBC772600AC149B /* Products */ = {
			isa = PBXGroup;
			children = (
				6FEB8FB72BBC772600AC149B /* Demo.app */,
			);
			name = Products;
			sourceTree = "<group>";
		};
		6FEB8FB92BBC772600AC149B /* Demo */ = {
			isa = PBXGroup;
			children = (
				6F8534952BBC79D40071D5A4 /* Views */,
				6FEB8FBA2BBC772600AC149B /* DemoApp.swift */,
				6FEB8FBE2BBC772700AC149B /* Assets.xcassets */,
				6FEB8FC32BBC772700AC149B /* Demo.entitlements */,
				6FEB8FC02BBC772700AC149B /* Preview Content */,
				6F8534972BBC7B5C0071D5A4 /* MenuExample.swift */,
			);
			path = Demo;
			sourceTree = "<group>";
		};
		6FEB8FC02BBC772700AC149B /* Preview Content */ = {
			isa = PBXGroup;
			children = (
				6FEB8FC12BBC772700AC149B /* Preview Assets.xcassets */,
			);
			path = "Preview Content";
			sourceTree = "<group>";
		};
/* End PBXGroup section */

/* Begin PBXNativeTarget section */
		6FEB8FB62BBC772600AC149B /* Demo */ = {
			isa = PBXNativeTarget;
			buildConfigurationList = 6FEB8FC62BBC772700AC149B /* Build configuration list for PBXNativeTarget "Demo" */;
			buildPhases = (
				6FEB8FB32BBC772600AC149B /* Sources */,
				6FEB8FB42BBC772600AC149B /* Frameworks */,
				6FEB8FB52BBC772600AC149B /* Resources */,
			);
			buildRules = (
			);
			dependencies = (
				6F85348F2BBC79260071D5A4 /* PBXTargetDependency */,
			);
			name = Demo;
			packageProductDependencies = (
				6F8534912BBC792A0071D5A4 /* NSMenuSwiftUICommandsWrapper */,
			);
			productName = Demo;
			productReference = 6FEB8FB72BBC772600AC149B /* Demo.app */;
			productType = "com.apple.product-type.application";
		};
/* End PBXNativeTarget section */

/* Begin PBXProject section */
		6FEB8FAF2BBC772600AC149B /* Project object */ = {
			isa = PBXProject;
			attributes = {
				BuildIndependentTargetsInParallel = 1;
				LastSwiftUpdateCheck = 1530;
				LastUpgradeCheck = 1530;
				TargetAttributes = {
					6FEB8FB62BBC772600AC149B = {
						CreatedOnToolsVersion = 15.3;
					};
				};
			};
			buildConfigurationList = 6FEB8FB22BBC772600AC149B /* Build configuration list for PBXProject "Demo" */;
			compatibilityVersion = "Xcode 14.0";
			developmentRegion = en;
			hasScannedForEncodings = 0;
			knownRegions = (
				en,
				Base,
			);
			mainGroup = 6FEB8FAE2BBC772600AC149B;
			productRefGroup = 6FEB8FB82BBC772600AC149B /* Products */;
			projectDirPath = "";
			projectRoot = "";
			targets = (
				6FEB8FB62BBC772600AC149B /* Demo */,
			);
		};
/* End PBXProject section */

/* Begin PBXResourcesBuildPhase section */
		6FEB8FB52BBC772600AC149B /* Resources */ = {
			isa = PBXResourcesBuildPhase;
			buildActionMask = 2147483647;
			files = (
				6FEB8FC22BBC772700AC149B /* Preview Assets.xcassets in Resources */,
				6FEB8FBF2BBC772700AC149B /* Assets.xcassets in Resources */,
			);
			runOnlyForDeploymentPostprocessing = 0;
		};
/* End PBXResourcesBuildPhase section */

/* Begin PBXSourcesBuildPhase section */
		6FEB8FB32BBC772600AC149B /* Sources */ = {
			isa = PBXSourcesBuildPhase;
			buildActionMask = 2147483647;
			files = (
				6F85348D2BBC78A00071D5A4 /* AppKitView.swift in Sources */,
				6F8534982BBC7B5C0071D5A4 /* MenuExample.swift in Sources */,
				6FEB8FBB2BBC772600AC149B /* DemoApp.swift in Sources */,
				6F8534942BBC79A80071D5A4 /* ContentView.swift in Sources */,
			);
			runOnlyForDeploymentPostprocessing = 0;
		};
/* End PBXSourcesBuildPhase section */

/* Begin PBXTargetDependency section */
		6F85348F2BBC79260071D5A4 /* PBXTargetDependency */ = {
			isa = PBXTargetDependency;
			productRef = 6F85348E2BBC79260071D5A4 /* NSMenuSwiftUICommandsWrapper */;
		};
/* End PBXTargetDependency section */

/* Begin XCBuildConfiguration section */
		6FEB8FC42BBC772700AC149B /* Debug */ = {
			isa = XCBuildConfiguration;
			buildSettings = {
				ALWAYS_SEARCH_USER_PATHS = NO;
				ASSETCATALOG_COMPILER_GENERATE_SWIFT_ASSET_SYMBOL_EXTENSIONS = YES;
				CLANG_ANALYZER_NONNULL = YES;
				CLANG_ANALYZER_NUMBER_OBJECT_CONVERSION = YES_AGGRESSIVE;
				CLANG_CXX_LANGUAGE_STANDARD = "gnu++20";
				CLANG_ENABLE_MODULES = YES;
				CLANG_ENABLE_OBJC_ARC = YES;
				CLANG_ENABLE_OBJC_WEAK = YES;
				CLANG_WARN_BLOCK_CAPTURE_AUTORELEASING = YES;
				CLANG_WARN_BOOL_CONVERSION = YES;
				CLANG_WARN_COMMA = YES;
				CLANG_WARN_CONSTANT_CONVERSION = YES;
				CLANG_WARN_DEPRECATED_OBJC_IMPLEMENTATIONS = YES;
				CLANG_WARN_DIRECT_OBJC_ISA_USAGE = YES_ERROR;
				CLANG_WARN_DOCUMENTATION_COMMENTS = YES;
				CLANG_WARN_EMPTY_BODY = YES;
				CLANG_WARN_ENUM_CONVERSION = YES;
				CLANG_WARN_INFINITE_RECURSION = YES;
				CLANG_WARN_INT_CONVERSION = YES;
				CLANG_WARN_NON_LITERAL_NULL_CONVERSION = YES;
				CLANG_WARN_OBJC_IMPLICIT_RETAIN_SELF = YES;
				CLANG_WARN_OBJC_LITERAL_CONVERSION = YES;
				CLANG_WARN_OBJC_ROOT_CLASS = YES_ERROR;
				CLANG_WARN_QUOTED_INCLUDE_IN_FRAMEWORK_HEADER = YES;
				CLANG_WARN_RANGE_LOOP_ANALYSIS = YES;
				CLANG_WARN_STRICT_PROTOTYPES = YES;
				CLANG_WARN_SUSPICIOUS_MOVE = YES;
				CLANG_WARN_UNGUARDED_AVAILABILITY = YES_AGGRESSIVE;
				CLANG_WARN_UNREACHABLE_CODE = YES;
				CLANG_WARN__DUPLICATE_METHOD_MATCH = YES;
				COPY_PHASE_STRIP = NO;
				DEBUG_INFORMATION_FORMAT = dwarf;
				ENABLE_STRICT_OBJC_MSGSEND = YES;
				ENABLE_TESTABILITY = YES;
				ENABLE_USER_SCRIPT_SANDBOXING = YES;
				GCC_C_LANGUAGE_STANDARD = gnu17;
				GCC_DYNAMIC_NO_PIC = NO;
				GCC_NO_COMMON_BLOCKS = YES;
				GCC_OPTIMIZATION_LEVEL = 0;
				GCC_PREPROCESSOR_DEFINITIONS = (
					"DEBUG=1",
					"$(inherited)",
				);
				GCC_WARN_64_TO_32_BIT_CONVERSION = YES;
				GCC_WARN_ABOUT_RETURN_TYPE = YES_ERROR;
				GCC_WARN_UNDECLARED_SELECTOR = YES;
				GCC_WARN_UNINITIALIZED_AUTOS = YES_AGGRESSIVE;
				GCC_WARN_UNUSED_FUNCTION = YES;
				GCC_WARN_UNUSED_VARIABLE = YES;
				LOCALIZATION_PREFERS_STRING_CATALOGS = YES;
				MACOSX_DEPLOYMENT_TARGET = 14.4;
				MTL_ENABLE_DEBUG_INFO = INCLUDE_SOURCE;
				MTL_FAST_MATH = YES;
				ONLY_ACTIVE_ARCH = YES;
				SDKROOT = macosx;
				SWIFT_ACTIVE_COMPILATION_CONDITIONS = "DEBUG $(inherited)";
				SWIFT_OPTIMIZATION_LEVEL = "-Onone";
			};
			name = Debug;
		};
		6FEB8FC52BBC772700AC149B /* Release */ = {
			isa = XCBuildConfiguration;
			buildSettings = {
				ALWAYS_SEARCH_USER_PATHS = NO;
				ASSETCATALOG_COMPILER_GENERATE_SWIFT_ASSET_SYMBOL_EXTENSIONS = YES;
				CLANG_ANALYZER_NONNULL = YES;
				CLANG_ANALYZER_NUMBER_OBJECT_CONVERSION = YES_AGGRESSIVE;
				CLANG_CXX_LANGUAGE_STANDARD = "gnu++20";
				CLANG_ENABLE_MODULES = YES;
				CLANG_ENABLE_OBJC_ARC = YES;
				CLANG_ENABLE_OBJC_WEAK = YES;
				CLANG_WARN_BLOCK_CAPTURE_AUTORELEASING = YES;
				CLANG_WARN_BOOL_CONVERSION = YES;
				CLANG_WARN_COMMA = YES;
				CLANG_WARN_CONSTANT_CONVERSION = YES;
				CLANG_WARN_DEPRECATED_OBJC_IMPLEMENTATIONS = YES;
				CLANG_WARN_DIRECT_OBJC_ISA_USAGE = YES_ERROR;
				CLANG_WARN_DOCUMENTATION_COMMENTS = YES;
				CLANG_WARN_EMPTY_BODY = YES;
				CLANG_WARN_ENUM_CONVERSION = YES;
				CLANG_WARN_INFINITE_RECURSION = YES;
				CLANG_WARN_INT_CONVERSION = YES;
				CLANG_WARN_NON_LITERAL_NULL_CONVERSION = YES;
				CLANG_WARN_OBJC_IMPLICIT_RETAIN_SELF = YES;
				CLANG_WARN_OBJC_LITERAL_CONVERSION = YES;
				CLANG_WARN_OBJC_ROOT_CLASS = YES_ERROR;
				CLANG_WARN_QUOTED_INCLUDE_IN_FRAMEWORK_HEADER = YES;
				CLANG_WARN_RANGE_LOOP_ANALYSIS = YES;
				CLANG_WARN_STRICT_PROTOTYPES = YES;
				CLANG_WARN_SUSPICIOUS_MOVE = YES;
				CLANG_WARN_UNGUARDED_AVAILABILITY = YES_AGGRESSIVE;
				CLANG_WARN_UNREACHABLE_CODE = YES;
				CLANG_WARN__DUPLICATE_METHOD_MATCH = YES;
				COPY_PHASE_STRIP = NO;
				DEBUG_INFORMATION_FORMAT = "dwarf-with-dsym";
				ENABLE_NS_ASSERTIONS = NO;
				ENABLE_STRICT_OBJC_MSGSEND = YES;
				ENABLE_USER_SCRIPT_SANDBOXING = YES;
				GCC_C_LANGUAGE_STANDARD = gnu17;
				GCC_NO_COMMON_BLOCKS = YES;
				GCC_WARN_64_TO_32_BIT_CONVERSION = YES;
				GCC_WARN_ABOUT_RETURN_TYPE = YES_ERROR;
				GCC_WARN_UNDECLARED_SELECTOR = YES;
				GCC_WARN_UNINITIALIZED_AUTOS = YES_AGGRESSIVE;
				GCC_WARN_UNUSED_FUNCTION = YES;
				GCC_WARN_UNUSED_VARIABLE = YES;
				LOCALIZATION_PREFERS_STRING_CATALOGS = YES;
				MACOSX_DEPLOYMENT_TARGET = 14.4;
				MTL_ENABLE_DEBUG_INFO = NO;
				MTL_FAST_MATH = YES;
				SDKROOT = macosx;
				SWIFT_COMPILATION_MODE = wholemodule;
			};
			name = Release;
		};
		6FEB8FC72BBC772700AC149B /* Debug */ = {
			isa = XCBuildConfiguration;
			buildSettings = {
				ASSETCATALOG_COMPILER_APPICON_NAME = AppIcon;
				ASSETCATALOG_COMPILER_GLOBAL_ACCENT_COLOR_NAME = AccentColor;
				CODE_SIGN_ENTITLEMENTS = Demo/Demo.entitlements;
				CODE_SIGN_STYLE = Automatic;
				COMBINE_HIDPI_IMAGES = YES;
				CURRENT_PROJECT_VERSION = 1;
				DEVELOPMENT_ASSET_PATHS = "\"Demo/Preview Content\"";
				ENABLE_PREVIEWS = YES;
				GENERATE_INFOPLIST_FILE = YES;
				INFOPLIST_KEY_NSHumanReadableCopyright = "";
				LD_RUNPATH_SEARCH_PATHS = (
					"$(inherited)",
					"@executable_path/../Frameworks",
				);
				MARKETING_VERSION = 1.0;
				PRODUCT_BUNDLE_IDENTIFIER = "de.the-skylab.Demo";
				PRODUCT_NAME = "$(TARGET_NAME)";
				SWIFT_EMIT_LOC_STRINGS = YES;
				SWIFT_VERSION = 5.0;
			};
			name = Debug;
		};
		6FEB8FC82BBC772700AC149B /* Release */ = {
			isa = XCBuildConfiguration;
			buildSettings = {
				ASSETCATALOG_COMPILER_APPICON_NAME = AppIcon;
				ASSETCATALOG_COMPILER_GLOBAL_ACCENT_COLOR_NAME = AccentColor;
				CODE_SIGN_ENTITLEMENTS = Demo/Demo.entitlements;
				CODE_SIGN_STYLE = Automatic;
				COMBINE_HIDPI_IMAGES = YES;
				CURRENT_PROJECT_VERSION = 1;
				DEVELOPMENT_ASSET_PATHS = "\"Demo/Preview Content\"";
				ENABLE_PREVIEWS = YES;
				GENERATE_INFOPLIST_FILE = YES;
				INFOPLIST_KEY_NSHumanReadableCopyright = "";
				LD_RUNPATH_SEARCH_PATHS = (
					"$(inherited)",
					"@executable_path/../Frameworks",
				);
				MARKETING_VERSION = 1.0;
				PRODUCT_BUNDLE_IDENTIFIER = "de.the-skylab.Demo";
				PRODUCT_NAME = "$(TARGET_NAME)";
				SWIFT_EMIT_LOC_STRINGS = YES;
				SWIFT_VERSION = 5.0;
			};
			name = Release;
		};
/* End XCBuildConfiguration section */

/* Begin XCConfigurationList section */
		6FEB8FB22BBC772600AC149B /* Build configuration list for PBXProject "Demo" */ = {
			isa = XCConfigurationList;
			buildConfigurations = (
				6FEB8FC42BBC772700AC149B /* Debug */,
				6FEB8FC52BBC772700AC149B /* Release */,
			);
			defaultConfigurationIsVisible = 0;
			defaultConfigurationName = Release;
		};
		6FEB8FC62BBC772700AC149B /* Build configuration list for PBXNativeTarget "Demo" */ = {
			isa = XCConfigurationList;
			buildConfigurations = (
				6FEB8FC72BBC772700AC149B /* Debug */,
				6FEB8FC82BBC772700AC149B /* Release */,
			);
			defaultConfigurationIsVisible = 0;
			defaultConfigurationName = Release;
		};
/* End XCConfigurationList section */

/* Begin XCSwiftPackageProductDependency section */
		6F85348E2BBC79260071D5A4 /* NSMenuSwiftUICommandsWrapper */ = {
			isa = XCSwiftPackageProductDependency;
			productName = NSMenuSwiftUICommandsWrapper;
		};
		6F8534912BBC792A0071D5A4 /* NSMenuSwiftUICommandsWrapper */ = {
			isa = XCSwiftPackageProductDependency;
			productName = NSMenuSwiftUICommandsWrapper;
		};
/* End XCSwiftPackageProductDependency section */
	};
	rootObject = 6FEB8FAF2BBC772600AC149B /* Project object */;
}
